github.com/BurntSushi/freetype-go v0.0.0-20160129220410-b763ddbfe298/go.mod h1:D+QujdIlUNfa0igpNMk6UIvlb6C252URs4yupRUV4lQ=
github.com/BurntSushi/graphics-go v0.0.0-20160129215708-b43f31a4a966/go.mod h1:Mid70uvE93zn9wgF92A/r5ixgnvX8Lh68fxp9KQBaI0=
github.com/BurntSushi/xgb v0.0.0-20160522181843-27f122750802/go.mod h1:IVnqGOEym/WlBOVXweHU+Q+/VP0lqqI8lqeDx9IjBqo=
github.com/BurntSushi/xgbutil v0.0.0-20160919175755-f7c97cef3b4e/go.mod h1:uw9h2sd4WWHOPdJ13MQpwK5qYWKYDumDqxWWIknEQ+k=
github.com/TheTitanrain/w32 v0.0.0-20180517000239-4f5cfb03fabf h1:FPsprx82rdrX2jiKyS17BH6IrTmUBYqZa/CXT4uvb+I=
github.com/TheTitanrain/w32 v0.0.0-20180517000239-4f5cfb03fabf/go.mod h1:peYoMncQljjNS6tZwI9WVyQB3qZS6u79/N3mBOcnd3I=
github.com/davecgh/go-spew v1.1.0/go.mod h1:J7Y8YcW2NihsgmVo/mv3lAwl/skON4iLHjSsI+c5H38=
github.com/davecgh/go-spew v1.1.1 h1:vj9j/u1bqnvCEfJOwUhtlOARqs3+rkHYY13jYWTU97c=
github.com/davecgh/go-spew v1.1.1/go.mod h1:J7Y8YcW2NihsgmVo/mv3lAwl/skON4iLHjSsI+c5H38=
github.com/gen2brain/dlgs v0.0.0-20180629122906-342edb4c68c1 h1:16o0LcrCHuKADRSOTYxoXTRQpdVo9BDeABauof+9Em8=
github.com/gen2brain/dlgs v0.0.0-20180629122906-342edb4c68c1/go.mod h1:/eFcjDXaU2THSOOqLxOPETIbHETnamk8FA/hMjhg/gU=
github.com/go-flutter-desktop/go-flutter v0.15.0 h1:QlEcwjgEUgTCxIgIp7AjOB1zAE1XAiAWoQmpVkc7SvA=
github.com/go-flutter-desktop/go-flutter v0.15.0/go.mod h1:+E+V03a0dHnxYRl5oDLj3CI0eL5rfXwYCW1CxzvFjkk=
github.com/go-gl/glfw v0.0.0-20190217072633-93b30450e032 h1:WUDJN6o1AZlnNR0UZ11zsr0Quh44CV7svcg6VzEsySc=
github.com/go-gl/glfw v0.0.0-20190217072633-93b30450e032/go.mod h1:vR7hzQXu2zJy9AVAgeJqvqgH9Q5CA+iKCZ2gyEVpxRU=
github.com/go-gl/glfw v0.0.0-20190409004039-e6da0acd62b1 h1:QbL/5oDUmRBzO9/Z7Seo6zf912W/a6Sr4Eu0G/3Jho0=
github.com/go-gl/glfw v0.0.0-20190409004039-e6da0acd62b1/go.mod h1:vR7hzQXu2zJy9AVAgeJqvqgH9Q5CA+iKCZ2gyEVpxRU=
github.com/gotk3/gotk3 v0.0.0-20190511112235-f8b6954100e5 h1:c6hXwPOy93DhDKpXrhbqjRt21dt3syOzI4u8Shr8+Ww=
github.com/gotk3/gotk3 v0.0.0-20190511112235-f8b6954100e5/go.mod h1:Eew3QBwAOBTrfFFDmsDE5wZWbcagBL1NUslj1GhRveo=
github.com/mattn/go-gtk v0.0.0-20180216084204-5a311a1830ab/go.mod h1:PwzwfeB5syFHXORC3MtPylVcjIoTDT/9cvkKpEndGVI=
github.com/mattn/go-pointer v0.0.0-20171114154726-1d30dc4b6f28/go.mod h1:2zXcozF6qYGgmsG+SeTZz3oAbFLdD3OWqnUbNvJZAlc=
github.com/pkg/errors v0.8.1 h1:iURUrRGxPUNPdy5/HRSm+Yj6okJ6UtLINN0Q9M4+h3I=
github.com/pkg/errors v0.8.1/go.mod h1:bwawxfHBFNV+L2hUp1rHADufV3IMtnDRdf1r5NINEl0=
github.com/pmezard/go-difflib v1.0.0 h1:4DBwDE0NGyQoBHbLQYPwSUPoCMWR5BEzIk/f1lZbAQM=
github.com/pmezard/go-difflib v1.0.0/go.mod h1:iKH77koFhYxTK1pcRnkKkqfTogsbg7gZNVY4sRDYZ/4=
github.com/skelterjohn/go.wde v0.0.0-20180104102407-a0324cbf3ffe/go.mod h1:zXxNsJHeUYIqpg890APBNEn9GoCbA4Cdnvuv3mx4fBk=
github.com/sqweek/dialog v0.0.0-20190209060818-302ed2f52949 h1:hBERZWGksUd5oys5M17stMtQxOwmsyQiA7XTowK5CPs=
github.com/sqweek/dialog v0.0.0-20190209060818-302ed2f52949/go.mod h1:QSrNdZLZB8VoFPGlZ2vDuA2oNaVdhld3g0PZLc7soX8=
github.com/stretchr/objx v0.1.0 h1:4G4v2dO3VZwixGIRoQ5Lfboy6nUhCyYzaqnIAPPhYs4=
github.com/stretchr/objx v0.1.0/go.mod h1:HFkY916IF+rwdDfMAkV7OtwuqBVzrE8GR6GFx+wExME=
github.com/stretchr/objx v0.2.0 h1:Hbg2NidpLE8veEBkEZTL3CvlkUIVzuU9jDplZO54c48=
github.com/stretchr/objx v0.2.0/go.mod h1:qt09Ya8vawLte6SNmTgCsAVtYtaKzEcn8ATUoHMkEqE=
github.com/stretchr/testify v1.3.0 h1:TivCn/peBQ7UY8ooIcPgZFpTNSz0Q2U6UrFlUfqbe0Q=
github.com/stretchr/testify v1.3.0/go.mod h1:M5WIy9Dh21IEIfnGCwXGc5bZfKNJtfHm1UVUgZn+9EI=
